// !$*UTF8*$!
{
	archiveVersion = 1;
	classes = {
	};
	objectVersion = 55;
	objects = {

/* Begin PBXBuildFile section */
		64BE555C28771F32001E79DC /* ColorMatcherApp.swift in Sources */ = {isa = PBXBuildFile; fileRef = 64BE555B28771F32001E79DC /* ColorMatcherApp.swift */; };
		64BE555E28771F32001E79DC /* ContentView.swift in Sources */ = {isa = PBXBuildFile; fileRef = 64BE555D28771F32001E79DC /* ContentView.swift */; };
		64BE556028771F37001E79DC /* Assets.xcassets in Resources */ = {isa = PBXBuildFile; fileRef = 64BE555F28771F37001E79DC /* Assets.xcassets */; };
		64BE556328771F37001E79DC /* Preview Assets.xcassets in Resources */ = {isa = PBXBuildFile; fileRef = 64BE556228771F37001E79DC /* Preview Assets.xcassets */; };
		64DA21AB289AD21300AF23E1 /* Highscore.xcdatamodeld in Sources */ = {isa = PBXBuildFile; fileRef = 64DA21A9289AD21200AF23E1 /* Highscore.xcdatamodeld */; };
		64DA21AD289AD96800AF23E1 /* DataController.swift in Sources */ = {isa = PBXBuildFile; fileRef = 64DA21AC289AD96700AF23E1 /* DataController.swift */; };
		64DA21B1289ADC7600AF23E1 /* HighscoreView.swift in Sources */ = {isa = PBXBuildFile; fileRef = 64DA21B0289ADC7600AF23E1 /* HighscoreView.swift */; };
		64DA21B4289ADE4A00AF23E1 /* GameLogic.swift in Sources */ = {isa = PBXBuildFile; fileRef = 64DA21B3289ADE4A00AF23E1 /* GameLogic.swift */; };
/* End PBXBuildFile section */

/* Begin PBXFileReference section */
		64BE555828771F32001E79DC /* ColorMatcher.app */ = {isa = PBXFileReference; explicitFileType = wrapper.application; includeInIndex = 0; path = ColorMatcher.app; sourceTree = BUILT_PRODUCTS_DIR; };
		64BE555B28771F32001E79DC /* ColorMatcherApp.swift */ = {isa = PBXFileReference; lastKnownFileType = sourcecode.swift; path = ColorMatcherApp.swift; sourceTree = "<group>"; };
		64BE555D28771F32001E79DC /* ContentView.swift */ = {isa = PBXFileReference; lastKnownFileType = sourcecode.swift; path = ContentView.swift; sourceTree = "<group>"; usesTabs = 0; };
		64BE555F28771F37001E79DC /* Assets.xcassets */ = {isa = PBXFileReference; lastKnownFileType = folder.assetcatalog; path = Assets.xcassets; sourceTree = "<group>"; };
		64BE556228771F37001E79DC /* Preview Assets.xcassets */ = {isa = PBXFileReference; lastKnownFileType = folder.assetcatalog; path = "Preview Assets.xcassets"; sourceTree = "<group>"; };
		64DA21AA289AD21200AF23E1 /* Model.xcdatamodel */ = {isa = PBXFileReference; lastKnownFileType = wrapper.xcdatamodel; path = Model.xcdatamodel; sourceTree = "<group>"; };
		64DA21AC289AD96700AF23E1 /* DataController.swift */ = {isa = PBXFileReference; lastKnownFileType = sourcecode.swift; path = DataController.swift; sourceTree = "<group>"; };
		64DA21B0289ADC7600AF23E1 /* HighscoreView.swift */ = {isa = PBXFileReference; lastKnownFileType = sourcecode.swift; path = HighscoreView.swift; sourceTree = "<group>"; };
		64DA21B3289ADE4A00AF23E1 /* GameLogic.swift */ = {isa = PBXFileReference; lastKnownFileType = sourcecode.swift; path = GameLogic.swift; sourceTree = "<group>"; };
/* End PBXFileReference section */

/* Begin PBXFrameworksBuildPhase section */
		64BE555528771F32001E79DC /* Frameworks */ = {
			isa = PBXFrameworksBuildPhase;
			buildActionMask = 2147483647;
			files = (
			);
			runOnlyForDeploymentPostprocessing = 0;
		};
/* End PBXFrameworksBuildPhase section */

/* Begin PBXGroup section */
		64BE554F28771F32001E79DC = {
			isa = PBXGroup;
			children = (
				64BE555A28771F32001E79DC /* ColorMatcher */,
				64BE555928771F32001E79DC /* Products */,
			);
			sourceTree = "<group>";
		};
		64BE555928771F32001E79DC /* Products */ = {
			isa = PBXGroup;
			children = (
				64BE555828771F32001E79DC /* ColorMatcher.app */,
			);
			name = Products;
			sourceTree = "<group>";
		};
		64BE555A28771F32001E79DC /* ColorMatcher */ = {
			isa = PBXGroup;
			children = (
				64BE555B28771F32001E79DC /* ColorMatcherApp.swift */,
				64DA21A7289AB79900AF23E1 /* Data */,
				64DA21B2289ADE1E00AF23E1 /* GameLogic */,
				64DA21A8289AB7B600AF23E1 /* Views */,
				64BE555F28771F37001E79DC /* Assets.xcassets */,
				64BE556128771F37001E79DC /* Preview Content */,
			);
			path = ColorMatcher;
			sourceTree = "<group>";
		};
		64BE556128771F37001E79DC /* Preview Content */ = {
			isa = PBXGroup;
			children = (
				64BE556228771F37001E79DC /* Preview Assets.xcassets */,
			);
			path = "Preview Content";
			sourceTree = "<group>";
		};
		64DA21A7289AB79900AF23E1 /* Data */ = {
			isa = PBXGroup;
			children = (
				64DA21A9289AD21200AF23E1 /* Highscore.xcdatamodeld */,
				64DA21AC289AD96700AF23E1 /* DataController.swift */,
			);
			path = Data;
			sourceTree = "<group>";
		};
		64DA21A8289AB7B600AF23E1 /* Views */ = {
			isa = PBXGroup;
			children = (
				64BE555D28771F32001E79DC /* ContentView.swift */,
				64DA21B0289ADC7600AF23E1 /* HighscoreView.swift */,
			);
			path = Views;
			sourceTree = "<group>";
		};
		64DA21B2289ADE1E00AF23E1 /* GameLogic */ = {
			isa = PBXGroup;
			children = (
				64DA21B3289ADE4A00AF23E1 /* GameLogic.swift */,
			);
			path = GameLogic;
			sourceTree = "<group>";
		};
/* End PBXGroup section */

/* Begin PBXNativeTarget section */
		64BE555728771F32001E79DC /* ColorMatcher */ = {
			isa = PBXNativeTarget;
			buildConfigurationList = 64BE557C28771F37001E79DC /* Build configuration list for PBXNativeTarget "ColorMatcher" */;
			buildPhases = (
				64BE555428771F32001E79DC /* Sources */,
				64BE555528771F32001E79DC /* Frameworks */,
				64BE555628771F32001E79DC /* Resources */,
			);
			buildRules = (
			);
			dependencies = (
			);
			name = ColorMatcher;
			productName = Nguyen_Phuong_ColorMatcher;
			productReference = 64BE555828771F32001E79DC /* ColorMatcher.app */;
			productType = "com.apple.product-type.application";
		};
/* End PBXNativeTarget section */

/* Begin PBXProject section */
		64BE555028771F32001E79DC /* Project object */ = {
			isa = PBXProject;
			attributes = {
				BuildIndependentTargetsInParallel = 1;
				LastSwiftUpdateCheck = 1320;
				LastUpgradeCheck = 1320;
				TargetAttributes = {
					64BE555728771F32001E79DC = {
						CreatedOnToolsVersion = 13.2.1;
					};
				};
			};
			buildConfigurationList = 64BE555328771F32001E79DC /* Build configuration list for PBXProject "ColorMatcher" */;
			compatibilityVersion = "Xcode 13.0";
			developmentRegion = en;
			hasScannedForEncodings = 0;
			knownRegions = (
				en,
				Base,
			);
			mainGroup = 64BE554F28771F32001E79DC;
			productRefGroup = 64BE555928771F32001E79DC /* Products */;
			projectDirPath = "";
			projectRoot = "";
			targets = (
				64BE555728771F32001E79DC /* ColorMatcher */,
			);
		};
/* End PBXProject section */

/* Begin PBXResourcesBuildPhase section */
		64BE555628771F32001E79DC /* Resources */ = {
			isa = PBXResourcesBuildPhase;
			buildActionMask = 2147483647;
			files = (
				64BE556328771F37001E79DC /* Preview Assets.xcassets in Resources */,
				64BE556028771F37001E79DC /* Assets.xcassets in Resources */,
			);
			runOnlyForDeploymentPostprocessing = 0;
		};
/* End PBXResourcesBuildPhase section */

/* Begin PBXSourcesBuildPhase section */
		64BE555428771F32001E79DC /* Sources */ = {
			isa = PBXSourcesBuildPhase;
			buildActionMask = 2147483647;
			files = (
				64DA21B4289ADE4A00AF23E1 /* GameLogic.swift in Sources */,
				64BE555E28771F32001E79DC /* ContentView.swift in Sources */,
				64DA21B1289ADC7600AF23E1 /* HighscoreView.swift in Sources */,
				64DA21AD289AD96800AF23E1 /* DataController.swift in Sources */,
				64BE555C28771F32001E79DC /* ColorMatcherApp.swift in Sources */,
				64DA21AB289AD21300AF23E1 /* Highscore.xcdatamodeld in Sources */,
			);
			runOnlyForDeploymentPostprocessing = 0;
		};
/* End PBXSourcesBuildPhase section */

/* Begin XCBuildConfiguration section */
		64BE557A28771F37001E79DC /* Debug */ = {
			isa = XCBuildConfiguration;
			buildSettings = {
				ALWAYS_SEARCH_USER_PATHS = NO;
				CLANG_ANALYZER_NONNULL = YES;
				CLANG_ANALYZER_NUMBER_OBJECT_CONVERSION = YES_AGGRESSIVE;
				CLANG_CXX_LANGUAGE_STANDARD = "gnu++17";
				CLANG_CXX_LIBRARY = "libc++";
				CLANG_ENABLE_MODULES = YES;
				CLANG_ENABLE_OBJC_ARC = YES;
				CLANG_ENABLE_OBJC_WEAK = YES;
				CLANG_WARN_BLOCK_CAPTURE_AUTORELEASING = YES;
				CLANG_WARN_BOOL_CONVERSION = YES;
				CLANG_WARN_COMMA = YES;
				CLANG_WARN_CONSTANT_CONVERSION = YES;
				CLANG_WARN_DEPRECATED_OBJC_IMPLEMENTATIONS = YES;
				CLANG_WARN_DIRECT_OBJC_ISA_USAGE = YES_ERROR;
				CLANG_WARN_DOCUMENTATION_COMMENTS = YES;
				CLANG_WARN_EMPTY_BODY = YES;
				CLANG_WARN_ENUM_CONVERSION = YES;
				CLANG_WARN_INFINITE_RECURSION = YES;
				CLANG_WARN_INT_CONVERSION = YES;
				CLANG_WARN_NON_LITERAL_NULL_CONVERSION = YES;
				CLANG_WARN_OBJC_IMPLICIT_RETAIN_SELF = YES;
				CLANG_WARN_OBJC_LITERAL_CONVERSION = YES;
				CLANG_WARN_OBJC_ROOT_CLASS = YES_ERROR;
				CLANG_WARN_QUOTED_INCLUDE_IN_FRAMEWORK_HEADER = YES;
				CLANG_WARN_RANGE_LOOP_ANALYSIS = YES;
				CLANG_WARN_STRICT_PROTOTYPES = YES;
				CLANG_WARN_SUSPICIOUS_MOVE = YES;
				CLANG_WARN_UNGUARDED_AVAILABILITY = YES_AGGRESSIVE;
				CLANG_WARN_UNREACHABLE_CODE = YES;
				CLANG_WARN__DUPLICATE_METHOD_MATCH = YES;
				COPY_PHASE_STRIP = NO;
				DEBUG_INFORMATION_FORMAT = dwarf;
				ENABLE_STRICT_OBJC_MSGSEND = YES;
				ENABLE_TESTABILITY = YES;
				GCC_C_LANGUAGE_STANDARD = gnu11;
				GCC_DYNAMIC_NO_PIC = NO;
				GCC_NO_COMMON_BLOCKS = YES;
				GCC_OPTIMIZATION_LEVEL = 0;
				GCC_PREPROCESSOR_DEFINITIONS = (
					"DEBUG=1",
					"$(inherited)",
				);
				GCC_WARN_64_TO_32_BIT_CONVERSION = YES;
				GCC_WARN_ABOUT_RETURN_TYPE = YES_ERROR;
				GCC_WARN_UNDECLARED_SELECTOR = YES;
				GCC_WARN_UNINITIALIZED_AUTOS = YES_AGGRESSIVE;
				GCC_WARN_UNUSED_FUNCTION = YES;
				GCC_WARN_UNUSED_VARIABLE = YES;
				IPHONEOS_DEPLOYMENT_TARGET = 15.2;
				MTL_ENABLE_DEBUG_INFO = INCLUDE_SOURCE;
				MTL_FAST_MATH = YES;
				ONLY_ACTIVE_ARCH = YES;
				SDKROOT = iphoneos;
				SWIFT_ACTIVE_COMPILATION_CONDITIONS = DEBUG;
				SWIFT_OPTIMIZATION_LEVEL = "-Onone";
			};
			name = Debug;
		};
		64BE557B28771F37001E79DC /* Release */ = {
			isa = XCBuildConfiguration;
			buildSettings = {
				ALWAYS_SEARCH_USER_PATHS = NO;
				CLANG_ANALYZER_NONNULL = YES;
				CLANG_ANALYZER_NUMBER_OBJECT_CONVERSION = YES_AGGRESSIVE;
				CLANG_CXX_LANGUAGE_STANDARD = "gnu++17";
				CLANG_CXX_LIBRARY = "libc++";
				CLANG_ENABLE_MODULES = YES;
				CLANG_ENABLE_OBJC_ARC = YES;
				CLANG_ENABLE_OBJC_WEAK = YES;
				CLANG_WARN_BLOCK_CAPTURE_AUTORELEASING = YES;
				CLANG_WARN_BOOL_CONVERSION = YES;
				CLANG_WARN_COMMA = YES;
				CLANG_WARN_CONSTANT_CONVERSION = YES;
				CLANG_WARN_DEPRECATED_OBJC_IMPLEMENTATIONS = YES;
				CLANG_WARN_DIRECT_OBJC_ISA_USAGE = YES_ERROR;
				CLANG_WARN_DOCUMENTATION_COMMENTS = YES;
				CLANG_WARN_EMPTY_BODY = YES;
				CLANG_WARN_ENUM_CONVERSION = YES;
				CLANG_WARN_INFINITE_RECURSION = YES;
				CLANG_WARN_INT_CONVERSION = YES;
				CLANG_WARN_NON_LITERAL_NULL_CONVERSION = YES;
				CLANG_WARN_OBJC_IMPLICIT_RETAIN_SELF = YES;
				CLANG_WARN_OBJC_LITERAL_CONVERSION = YES;
				CLANG_WARN_OBJC_ROOT_CLASS = YES_ERROR;
				CLANG_WARN_QUOTED_INCLUDE_IN_FRAMEWORK_HEADER = YES;
				CLANG_WARN_RANGE_LOOP_ANALYSIS = YES;
				CLANG_WARN_STRICT_PROTOTYPES = YES;
				CLANG_WARN_SUSPICIOUS_MOVE = YES;
				CLANG_WARN_UNGUARDED_AVAILABILITY = YES_AGGRESSIVE;
				CLANG_WARN_UNREACHABLE_CODE = YES;
				CLANG_WARN__DUPLICATE_METHOD_MATCH = YES;
				COPY_PHASE_STRIP = NO;
				DEBUG_INFORMATION_FORMAT = "dwarf-with-dsym";
				ENABLE_NS_ASSERTIONS = NO;
				ENABLE_STRICT_OBJC_MSGSEND = YES;
				GCC_C_LANGUAGE_STANDARD = gnu11;
				GCC_NO_COMMON_BLOCKS = YES;
				GCC_WARN_64_TO_32_BIT_CONVERSION = YES;
				GCC_WARN_ABOUT_RETURN_TYPE = YES_ERROR;
				GCC_WARN_UNDECLARED_SELECTOR = YES;
				GCC_WARN_UNINITIALIZED_AUTOS = YES_AGGRESSIVE;
				GCC_WARN_UNUSED_FUNCTION = YES;
				GCC_WARN_UNUSED_VARIABLE = YES;
				IPHONEOS_DEPLOYMENT_TARGET = 15.2;
				MTL_ENABLE_DEBUG_INFO = NO;
				MTL_FAST_MATH = YES;
				SDKROOT = iphoneos;
				SWIFT_COMPILATION_MODE = wholemodule;
				SWIFT_OPTIMIZATION_LEVEL = "-O";
				VALIDATE_PRODUCT = YES;
			};
			name = Release;
		};
		64BE557D28771F37001E79DC /* Debug */ = {
			isa = XCBuildConfiguration;
			buildSettings = {
				ASSETCATALOG_COMPILER_APPICON_NAME = AppIcon;
				ASSETCATALOG_COMPILER_GLOBAL_ACCENT_COLOR_NAME = AccentColor;
				CODE_SIGN_STYLE = Automatic;
				CURRENT_PROJECT_VERSION = 1;
				DEVELOPMENT_ASSET_PATHS = "\"ColorMatcher/Preview Content\"";
				ENABLE_PREVIEWS = YES;
				GENERATE_INFOPLIST_FILE = YES;
				INFOPLIST_KEY_UIApplicationSceneManifest_Generation = YES;
				INFOPLIST_KEY_UIApplicationSupportsIndirectInputEvents = YES;
				INFOPLIST_KEY_UILaunchScreen_Generation = YES;
				INFOPLIST_KEY_UISupportedInterfaceOrientations_iPad = "UIInterfaceOrientationPortrait UIInterfaceOrientationPortraitUpsideDown UIInterfaceOrientationLandscapeLeft UIInterfaceOrientationLandscapeRight";
				INFOPLIST_KEY_UISupportedInterfaceOrientations_iPhone = "UIInterfaceOrientationPortrait UIInterfaceOrientationLandscapeLeft UIInterfaceOrientationLandscapeRight";
				LD_RUNPATH_SEARCH_PATHS = (
					"$(inherited)",
					"@executable_path/Frameworks",
				);
				MARKETING_VERSION = 1.0;
				PRODUCT_BUNDLE_IDENTIFIER = ios.ColorMatcher;
				PRODUCT_NAME = ColorMatcher;
				SWIFT_EMIT_LOC_STRINGS = YES;
				SWIFT_VERSION = 5.0;
				TARGETED_DEVICE_FAMILY = 1;
			};
			name = Debug;
		};
		64BE557E28771F37001E79DC /* Release */ = {
			isa = XCBuildConfiguration;
			buildSettings = {
				ASSETCATALOG_COMPILER_APPICON_NAME = AppIcon;
				ASSETCATALOG_COMPILER_GLOBAL_ACCENT_COLOR_NAME = AccentColor;
				CODE_SIGN_STYLE = Automatic;
				CURRENT_PROJECT_VERSION = 1;
				DEVELOPMENT_ASSET_PATHS = "\"ColorMatcher/Preview Content\"";
				ENABLE_PREVIEWS = YES;
				GENERATE_INFOPLIST_FILE = YES;
				INFOPLIST_KEY_UIApplicationSceneManifest_Generation = YES;
				INFOPLIST_KEY_UIApplicationSupportsIndirectInputEvents = YES;
				INFOPLIST_KEY_UILaunchScreen_Generation = YES;
				INFOPLIST_KEY_UISupportedInterfaceOrientations_iPad = "UIInterfaceOrientationPortrait UIInterfaceOrientationPortraitUpsideDown UIInterfaceOrientationLandscapeLeft UIInterfaceOrientationLandscapeRight";
				INFOPLIST_KEY_UISupportedInterfaceOrientations_iPhone = "UIInterfaceOrientationPortrait UIInterfaceOrientationLandscapeLeft UIInterfaceOrientationLandscapeRight";
				LD_RUNPATH_SEARCH_PATHS = (
					"$(inherited)",
					"@executable_path/Frameworks",
				);
				MARKETING_VERSION = 1.0;
				PRODUCT_BUNDLE_IDENTIFIER = ios.ColorMatcher;
				PRODUCT_NAME = ColorMatcher;
				SWIFT_EMIT_LOC_STRINGS = YES;
				SWIFT_VERSION = 5.0;
				TARGETED_DEVICE_FAMILY = 1;
			};
			name = Release;
		};
/* End XCBuildConfiguration section */

/* Begin XCConfigurationList section */
		64BE555328771F32001E79DC /* Build configuration list for PBXProject "ColorMatcher" */ = {
			isa = XCConfigurationList;
			buildConfigurations = (
				64BE557A28771F37001E79DC /* Debug */,
				64BE557B28771F37001E79DC /* Release */,
			);
			defaultConfigurationIsVisible = 0;
			defaultConfigurationName = Release;
		};
		64BE557C28771F37001E79DC /* Build configuration list for PBXNativeTarget "ColorMatcher" */ = {
			isa = XCConfigurationList;
			buildConfigurations = (
				64BE557D28771F37001E79DC /* Debug */,
				64BE557E28771F37001E79DC /* Release */,
			);
			defaultConfigurationIsVisible = 0;
			defaultConfigurationName = Release;
		};
/* End XCConfigurationList section */

/* Begin XCVersionGroup section */
		64DA21A9289AD21200AF23E1 /* Highscore.xcdatamodeld */ = {
			isa = XCVersionGroup;
			children = (
				64DA21AA289AD21200AF23E1 /* Model.xcdatamodel */,
			);
			currentVersion = 64DA21AA289AD21200AF23E1 /* Model.xcdatamodel */;
			path = Highscore.xcdatamodeld;
			sourceTree = "<group>";
			versionGroupType = wrapper.xcdatamodel;
		};
/* End XCVersionGroup section */
	};
	rootObject = 64BE555028771F32001E79DC /* Project object */;
}
